
Microsoft Visual Studio Solution File, Format Version 12.00
# Visual Studio Version 16
VisualStudioVersion = 16.0.29806.167
MinimumVisualStudioVersion = 10.0.40219.1
Project("{FAE04EC0-301F-11D3-BF4B-00C04F79EFBC}") = "AgentAssignment03", "AgentAssignment03\AgentAssignment03.csproj", "{921B43E9-5407-45C8-AD52-02B0B63175EA}"
EndProject
Project("{FAE04EC0-301F-11D3-BF4B-00C04F79EFBC}") = "AgentAssignment04", "AgentAssignment04\AgentAssignment04.csproj", "{F1818029-84B6-4FC9-BE41-D89C1B3432E4}"
EndProject
Global
	GlobalSection(SolutionConfigurationPlatforms) = preSolution
		Debug|Any CPU = Debug|Any CPU
		Release|Any CPU = Release|Any CPU
	EndGlobalSection
	GlobalSection(ProjectConfigurationPlatforms) = postSolution
		{921B43E9-5407-45C8-AD52-02B0B63175EA}.Debug|Any CPU.ActiveCfg = Debug|Any CPU
		{921B43E9-5407-45C8-AD52-02B0B63175EA}.Debug|Any CPU.Build.0 = Debug|Any CPU
		{921B43E9-5407-45C8-AD52-02B0B63175EA}.Release|Any CPU.ActiveCfg = Release|Any CPU
		{921B43E9-5407-45C8-AD52-02B0B63175EA}.Release|Any CPU.Build.0 = Release|Any CPU
		{F1818029-84B6-4FC9-BE41-D89C1B3432E4}.Debug|Any CPU.ActiveCfg = Debug|Any CPU
		{F1818029-84B6-4FC9-BE41-D89C1B3432E4}.Debug|Any CPU.Build.0 = Debug|Any CPU
		{F1818029-84B6-4FC9-BE41-D89C1B3432E4}.Release|Any CPU.ActiveCfg = Release|Any CPU
		{F1818029-84B6-4FC9-BE41-D89C1B3432E4}.Release|Any CPU.Build.0 = Release|Any CPU
	EndGlobalSection
	GlobalSection(SolutionProperties) = preSolution
		HideSolutionNode = FALSE
	EndGlobalSection
	GlobalSection(ExtensibilityGlobals) = postSolution
		SolutionGuid = {8A3CC7E7-A3E8-4827-810B-E76D3B5A8502}
	EndGlobalSection
EndGlobal
